
Microsoft Visual Studio Solution File, Format Version 12.00
Project("{FAE04EC0-301F-11D3-BF4B-00C04F79EFBC}") = "AssessmentRafael", "AssessmentRafael\AssessmentRafael.csproj", "{1466663F-CE57-4D58-A6FA-CCD12D81D2A2}"
EndProject
Project("{FAE04EC0-301F-11D3-BF4B-00C04F79EFBC}") = "aniversario-repository", "aniversario-repository\aniversario-repository.csproj", "{9FA23ED7-3BAC-421A-A583-AE400C2686A9}"
EndProject
Global
	GlobalSection(SolutionConfigurationPlatforms) = preSolution
		Debug|Any CPU = Debug|Any CPU
		Release|Any CPU = Release|Any CPU
	EndGlobalSection
	GlobalSection(ProjectConfigurationPlatforms) = postSolution
		{1466663F-CE57-4D58-A6FA-CCD12D81D2A2}.Debug|Any CPU.ActiveCfg = Debug|Any CPU
		{1466663F-CE57-4D58-A6FA-CCD12D81D2A2}.Debug|Any CPU.Build.0 = Debug|Any CPU
		{1466663F-CE57-4D58-A6FA-CCD12D81D2A2}.Release|Any CPU.ActiveCfg = Release|Any CPU
		{1466663F-CE57-4D58-A6FA-CCD12D81D2A2}.Release|Any CPU.Build.0 = Release|Any CPU
		{9FA23ED7-3BAC-421A-A583-AE400C2686A9}.Debug|Any CPU.ActiveCfg = Debug|Any CPU
		{9FA23ED7-3BAC-421A-A583-AE400C2686A9}.Debug|Any CPU.Build.0 = Debug|Any CPU
		{9FA23ED7-3BAC-421A-A583-AE400C2686A9}.Release|Any CPU.ActiveCfg = Release|Any CPU
		{9FA23ED7-3BAC-421A-A583-AE400C2686A9}.Release|Any CPU.Build.0 = Release|Any CPU
	EndGlobalSection
EndGlobal
